{
  "name": "titanic-entity-react-workspace",
  "version": "0.1.0",
  "lockfileVersion": 3,
  "requires": true,
  "packages": {
    "": {
      "name": "titanic-entity-react-workspace",
      "version": "0.1.0",
      "license": "MIT",
      "workspaces": [
        "packages/*"
      ],
      "devDependencies": {
        "@types/react": "^19.2.7",
        "@types/react-dom": "^19.2.3",
        "typescript": "~5.9.3"
      }
    },
    "node_modules/@titanic-entity/entity-api": {
      "resolved": "packages/entity-api",
      "link": true
    },
    "node_modules/@titanic-entity/entity-base": {
      "resolved": "packages/entity-base",
      "link": true
    },
    "node_modules/@titanic-entity/entity-core": {
      "resolved": "packages/entity-core",
      "link": true
    },
    "node_modules/@titanic-entity/entity-icons": {
      "resolved": "packages/entity-icons",
      "link": true
    },
    "node_modules/@titanic-entity/entity-react": {
      "resolved": "packages/entity-react",
      "link": true
    },
    "node_modules/@titanic-entity/entity-resources": {
      "resolved": "packages/entity-resources",
      "link": true
    },
    "node_modules/@titanic-entity/entity-ui": {
      "resolved": "packages/entity-ui",
      "link": true
    },
    "node_modules/@types/react": {
      "version": "19.2.17",
      "resolved": "https://registry.npmjs.org/@types/react/-/react-19.2.17.tgz",
      "integrity": "sha512-MXfmqaVPEVgkBT/aY0aGCkRWWtByiYQXo3xdQ8r5RzuFrPiRn8Gar2tQdXSUQ2GKV3bkXckek89V8wQBY2Q/Aw==",
      "dev": true,
      "license": "MIT",
      "peer": true,
      "dependencies": {
        "csstype": "^3.2.2"
      }
    },
    "node_modules/@types/react-dom": {
      "version": "19.2.3",
      "resolved": "https://registry.npmjs.org/@types/react-dom/-/react-dom-19.2.3.tgz",
      "integrity": "sha512-jp2L/eY6fn+KgVVQAOqYItbF0VY/YApe5Mz2F0aykSO8gx31bYCZyvSeYxCHKvzHG5eZjc+zyaS5BrBWya2+kQ==",
      "dev": true,
      "license": "MIT",
      "peerDependencies": {
        "@types/react": "^19.2.0"
      }
    },
    "node_modules/csstype": {
      "version": "3.2.3",
      "resolved": "https://registry.npmjs.org/csstype/-/csstype-3.2.3.tgz",
      "integrity": "sha512-z1HGKcYy2xA8AGQfwrn0PAy+PB7X/GSj3UVJW9qKyn43xWa+gl5nXmU4qqLMRzWVLFC8KusUX8T/0kCiOYpAIQ==",
      "dev": true,
      "license": "MIT"
    },
    "node_modules/react": {
      "version": "19.2.7",
      "resolved": "https://registry.npmjs.org/react/-/react-19.2.7.tgz",
      "integrity": "sha512-HNe9WslTbXmFK8o8cmwgAeJFSBvt1bPdHCVKtaaV+WlAN36mpT4hcRpwbf3fY56ar2oIXzsBpOAiIRHAdY0OlQ==",
      "license": "MIT",
      "peer": true,
      "engines": {
        "node": ">=0.10.0"
      }
    },
    "node_modules/react-dom": {
      "version": "19.2.7",
      "resolved": "https://registry.npmjs.org/react-dom/-/react-dom-19.2.7.tgz",
      "integrity": "sha512-t0BRVXvbiE/o20Hfw669rLbMCDWtYZLvmJigy2f0MxsXF+71pxhR3xOkspmsO8h3ZlNzyibAmtCa3l4lYKk6gQ==",
      "license": "MIT",
      "peer": true,
      "dependencies": {
        "scheduler": "^0.27.0"
      },
      "peerDependencies": {
        "react": "^19.2.7"
      }
    },
    "node_modules/scheduler": {
      "version": "0.27.0",
      "resolved": "https://registry.npmjs.org/scheduler/-/scheduler-0.27.0.tgz",
      "integrity": "sha512-eNv+WrVbKu1f3vbYJT/xtiF5syA5HPIMtf9IgY/nKg0sWqzAUEvqY/xm7OcZc/qafLx/iO9FgOmeSAp4v5ti/Q==",
      "license": "MIT"
    },
    "node_modules/typescript": {
      "version": "5.9.3",
      "resolved": "https://registry.npmjs.org/typescript/-/typescript-5.9.3.tgz",
      "integrity": "sha512-jl1vZzPDinLr9eUt3J/t7V6FgNEw9QjvBPdysz9KfQDD41fQrC2Y4vKQdiaUpFT4bXlb1RHhLpp8wtm6M5TgSw==",
      "dev": true,
      "license": "Apache-2.0",
      "bin": {
        "tsc": "bin/tsc",
        "tsserver": "bin/tsserver"
      },
      "engines": {
        "node": ">=14.17"
      }
    },
    "packages/entity-api": {
      "name": "@titanic-entity/entity-api",
      "version": "0.1.0",
      "license": "MIT",
      "dependencies": {
        "@titanic-entity/entity-base": "file:../entity-base",
        "@titanic-entity/entity-core": "file:../entity-core"
      }
    },
    "packages/entity-base": {
      "name": "@titanic-entity/entity-base",
      "version": "0.1.0",
      "license": "MIT",
      "peerDependencies": {
        "react": ">=18.0.0"
      }
    },
    "packages/entity-core": {
      "name": "@titanic-entity/entity-core",
      "version": "0.1.0",
      "license": "MIT",
      "dependencies": {
        "@titanic-entity/entity-base": "file:../entity-base"
      }
    },
    "packages/entity-icons": {
      "name": "@titanic-entity/entity-icons",
      "version": "0.1.0",
      "license": "MIT",
      "dependencies": {
        "@titanic-entity/entity-base": "file:../entity-base",
        "@titanic-entity/entity-resources": "file:../entity-resources"
      }
    },
    "packages/entity-react": {
      "name": "@titanic-entity/entity-react",
      "version": "0.1.0",
      "license": "MIT",
      "dependencies": {
        "@titanic-entity/entity-api": "file:../entity-api",
        "@titanic-entity/entity-base": "file:../entity-base",
        "@titanic-entity/entity-core": "file:../entity-core",
        "@titanic-entity/entity-icons": "file:../entity-icons",
        "@titanic-entity/entity-resources": "file:../entity-resources"
      },
      "peerDependencies": {
        "react": ">=18.0.0",
        "react-dom": ">=18.0.0"
      }
    },
    "packages/entity-resources": {
      "name": "@titanic-entity/entity-resources",
      "version": "0.1.0",
      "license": "MIT",
      "dependencies": {
        "@titanic-entity/entity-base": "file:../entity-base"
      }
    },
    "packages/entity-ui": {
      "name": "@titanic-entity/entity-ui",
      "version": "0.1.0",
      "license": "MIT",
      "dependencies": {
        "@titanic-entity/entity-api": "file:../entity-api",
        "@titanic-entity/entity-base": "file:../entity-base",
        "@titanic-entity/entity-core": "file:../entity-core",
        "@titanic-entity/entity-icons": "file:../entity-icons",
        "@titanic-entity/entity-react": "file:../entity-react",
        "@titanic-entity/entity-resources": "file:../entity-resources"
      },
      "peerDependencies": {
        "react": ">=18.0.0",
        "react-dom": ">=18.0.0"
      }
    }
  }
}
